
Microsoft Visual Studio Solution File, Format Version 12.00
# Visual Studio Version 17
VisualStudioVersion = 17.14.36221.1 d17.14
MinimumVisualStudioVersion = 10.0.40219.1
Project("{FAE04EC0-301F-11D3-BF4B-00C04F79EFBC}") = "EmployeeApiDemo", "EmployeeApiDemo\EmployeeApiDemo.csproj", "{0C99CF23-0145-4FA6-AC65-B0C4DF961DA5}"
EndProject
Global
	GlobalSection(SolutionConfigurationPlatforms) = preSolution
		Debug|Any CPU = Debug|Any CPU
		Release|Any CPU = Release|Any CPU
	EndGlobalSection
	GlobalSection(ProjectConfigurationPlatforms) = postSolution
		{0C99CF23-0145-4FA6-AC65-B0C4DF961DA5}.Debug|Any CPU.ActiveCfg = Debug|Any CPU
		{0C99CF23-0145-4FA6-AC65-B0C4DF961DA5}.Debug|Any CPU.Build.0 = Debug|Any CPU
		{0C99CF23-0145-4FA6-AC65-B0C4DF961DA5}.Release|Any CPU.ActiveCfg = Release|Any CPU
		{0C99CF23-0145-4FA6-AC65-B0C4DF961DA5}.Release|Any CPU.Build.0 = Release|Any CPU
	EndGlobalSection
	GlobalSection(SolutionProperties) = preSolution
		HideSolutionNode = FALSE
	EndGlobalSection
	GlobalSection(ExtensibilityGlobals) = postSolution
		SolutionGuid = {1A7300E2-8A0A-47D3-B10B-9A40F79B52FE}
	EndGlobalSection
EndGlobal
